
Microsoft Visual Studio Solution File, Format Version 12.00
# Visual Studio Version 16
VisualStudioVersion = 16.0.30611.23
MinimumVisualStudioVersion = 10.0.40219.1
Project("{FAE04EC0-301F-11D3-BF4B-00C04F79EFBC}") = "ChefTic", "ChefTic\ChefTic.csproj", "{2327E75B-8A23-47C0-82C9-347F8B3CD7D3}"
EndProject
Global
	GlobalSection(SolutionConfigurationPlatforms) = preSolution
		Debug|Any CPU = Debug|Any CPU
		Release|Any CPU = Release|Any CPU
	EndGlobalSection
	GlobalSection(ProjectConfigurationPlatforms) = postSolution
		{2327E75B-8A23-47C0-82C9-347F8B3CD7D3}.Debug|Any CPU.ActiveCfg = Debug|Any CPU
		{2327E75B-8A23-47C0-82C9-347F8B3CD7D3}.Debug|Any CPU.Build.0 = Debug|Any CPU
		{2327E75B-8A23-47C0-82C9-347F8B3CD7D3}.Release|Any CPU.ActiveCfg = Release|Any CPU
		{2327E75B-8A23-47C0-82C9-347F8B3CD7D3}.Release|Any CPU.Build.0 = Release|Any CPU
	EndGlobalSection
	GlobalSection(SolutionProperties) = preSolution
		HideSolutionNode = FALSE
	EndGlobalSection
	GlobalSection(ExtensibilityGlobals) = postSolution
		SolutionGuid = {19E38938-C90C-4418-8CB8-7E95A62C998A}
	EndGlobalSection
EndGlobal
